// !$*UTF8*$!
{
	archiveVersion = 1;
	classes = {
	};
	objectVersion = 56;
	objects = {

/* Begin PBXBuildFile section */
		977CF1EF293119B3006E7D19 /* AppDelegate.swift in Sources */ = {isa = PBXBuildFile; fileRef = 977CF1EE293119B3006E7D19 /* AppDelegate.swift */; };
		977CF1F1293119B3006E7D19 /* SceneDelegate.swift in Sources */ = {isa = PBXBuildFile; fileRef = 977CF1F0293119B3006E7D19 /* SceneDelegate.swift */; };
		977CF1F6293119B3006E7D19 /* Main.storyboard in Resources */ = {isa = PBXBuildFile; fileRef = 977CF1F4293119B3006E7D19 /* Main.storyboard */; };
		977CF1F8293119B4006E7D19 /* Assets.xcassets in Resources */ = {isa = PBXBuildFile; fileRef = 977CF1F7293119B4006E7D19 /* Assets.xcassets */; };
		977CF1FB293119B4006E7D19 /* LaunchScreen.storyboard in Resources */ = {isa = PBXBuildFile; fileRef = 977CF1F9293119B4006E7D19 /* LaunchScreen.storyboard */; };
		977CF20429311A86006E7D19 /* Realm in Frameworks */ = {isa = PBXBuildFile; productRef = 977CF20329311A86006E7D19 /* Realm */; };
		977CF20629311A86006E7D19 /* RealmSwift in Frameworks */ = {isa = PBXBuildFile; productRef = 977CF20529311A86006E7D19 /* RealmSwift */; };
		977CF20F29311E91006E7D19 /* TaskListViewController.swift in Sources */ = {isa = PBXBuildFile; fileRef = 977CF20E29311E91006E7D19 /* TaskListViewController.swift */; };
		977CF21129311F0E006E7D19 /* TaskList.swift in Sources */ = {isa = PBXBuildFile; fileRef = 977CF21029311F0E006E7D19 /* TaskList.swift */; };
		977CF21329311F26006E7D19 /* DataManager.swift in Sources */ = {isa = PBXBuildFile; fileRef = 977CF21229311F26006E7D19 /* DataManager.swift */; };
		977CF21529311F5D006E7D19 /* StorageManager.swift in Sources */ = {isa = PBXBuildFile; fileRef = 977CF21429311F5D006E7D19 /* StorageManager.swift */; };
		977CF21729311FD8006E7D19 /* Extension + UIAlertController.swift in Sources */ = {isa = PBXBuildFile; fileRef = 977CF21629311FD8006E7D19 /* Extension + UIAlertController.swift */; };
		977CF21929312013006E7D19 /* Extension + UITableViewCell.swift in Sources */ = {isa = PBXBuildFile; fileRef = 977CF21829312013006E7D19 /* Extension + UITableViewCell.swift */; };
		977CF21B2931217B006E7D19 /* TasksViewController.swift in Sources */ = {isa = PBXBuildFile; fileRef = 977CF21A2931217B006E7D19 /* TasksViewController.swift */; };
/* End PBXBuildFile section */

/* Begin PBXFileReference section */
		977CF1EB293119B3006E7D19 /* TaskListRealm.app */ = {isa = PBXFileReference; explicitFileType = wrapper.application; includeInIndex = 0; path = TaskListRealm.app; sourceTree = BUILT_PRODUCTS_DIR; };
		977CF1EE293119B3006E7D19 /* AppDelegate.swift */ = {isa = PBXFileReference; lastKnownFileType = sourcecode.swift; path = AppDelegate.swift; sourceTree = "<group>"; };
		977CF1F0293119B3006E7D19 /* SceneDelegate.swift */ = {isa = PBXFileReference; lastKnownFileType = sourcecode.swift; path = SceneDelegate.swift; sourceTree = "<group>"; };
		977CF1F5293119B3006E7D19 /* Base */ = {isa = PBXFileReference; lastKnownFileType = file.storyboard; name = Base; path = Base.lproj/Main.storyboard; sourceTree = "<group>"; };
		977CF1F7293119B4006E7D19 /* Assets.xcassets */ = {isa = PBXFileReference; lastKnownFileType = folder.assetcatalog; path = Assets.xcassets; sourceTree = "<group>"; };
		977CF1FA293119B4006E7D19 /* Base */ = {isa = PBXFileReference; lastKnownFileType = file.storyboard; name = Base; path = Base.lproj/LaunchScreen.storyboard; sourceTree = "<group>"; };
		977CF1FC293119B4006E7D19 /* Info.plist */ = {isa = PBXFileReference; lastKnownFileType = text.plist.xml; path = Info.plist; sourceTree = "<group>"; };
		977CF20E29311E91006E7D19 /* TaskListViewController.swift */ = {isa = PBXFileReference; lastKnownFileType = sourcecode.swift; path = TaskListViewController.swift; sourceTree = "<group>"; };
		977CF21029311F0E006E7D19 /* TaskList.swift */ = {isa = PBXFileReference; lastKnownFileType = sourcecode.swift; path = TaskList.swift; sourceTree = "<group>"; };
		977CF21229311F26006E7D19 /* DataManager.swift */ = {isa = PBXFileReference; lastKnownFileType = sourcecode.swift; path = DataManager.swift; sourceTree = "<group>"; };
		977CF21429311F5D006E7D19 /* StorageManager.swift */ = {isa = PBXFileReference; lastKnownFileType = sourcecode.swift; path = StorageManager.swift; sourceTree = "<group>"; };
		977CF21629311FD8006E7D19 /* Extension + UIAlertController.swift */ = {isa = PBXFileReference; lastKnownFileType = sourcecode.swift; path = "Extension + UIAlertController.swift"; sourceTree = "<group>"; };
		977CF21829312013006E7D19 /* Extension + UITableViewCell.swift */ = {isa = PBXFileReference; lastKnownFileType = sourcecode.swift; path = "Extension + UITableViewCell.swift"; sourceTree = "<group>"; };
		977CF21A2931217B006E7D19 /* TasksViewController.swift */ = {isa = PBXFileReference; lastKnownFileType = sourcecode.swift; path = TasksViewController.swift; sourceTree = "<group>"; };
/* End PBXFileReference section */

/* Begin PBXFrameworksBuildPhase section */
		977CF1E8293119B3006E7D19 /* Frameworks */ = {
			isa = PBXFrameworksBuildPhase;
			buildActionMask = 2147483647;
			files = (
				977CF20629311A86006E7D19 /* RealmSwift in Frameworks */,
				977CF20429311A86006E7D19 /* Realm in Frameworks */,
			);
			runOnlyForDeploymentPostprocessing = 0;
		};
/* End PBXFrameworksBuildPhase section */

/* Begin PBXGroup section */
		977CF1E2293119B3006E7D19 = {
			isa = PBXGroup;
			children = (
				977CF1ED293119B3006E7D19 /* TaskListRealm */,
				977CF1EC293119B3006E7D19 /* Products */,
			);
			sourceTree = "<group>";
		};
		977CF1EC293119B3006E7D19 /* Products */ = {
			isa = PBXGroup;
			children = (
				977CF1EB293119B3006E7D19 /* TaskListRealm.app */,
			);
			name = Products;
			sourceTree = "<group>";
		};
		977CF1ED293119B3006E7D19 /* TaskListRealm */ = {
			isa = PBXGroup;
			children = (
				977CF20D29311CB7006E7D19 /* Resurces */,
				977CF20C29311CAD006E7D19 /* App */,
				977CF20B29311CA1006E7D19 /* Storyboards */,
				977CF20A29311C8F006E7D19 /* Services */,
				977CF20929311C86006E7D19 /* Models */,
				977CF20829311C79006E7D19 /* Extensions */,
				977CF20729311C66006E7D19 /* ViewControllers */,
			);
			path = TaskListRealm;
			sourceTree = "<group>";
		};
		977CF20729311C66006E7D19 /* ViewControllers */ = {
			isa = PBXGroup;
			children = (
				977CF20E29311E91006E7D19 /* TaskListViewController.swift */,
				977CF21A2931217B006E7D19 /* TasksViewController.swift */,
			);
			path = ViewControllers;
			sourceTree = "<group>";
		};
		977CF20829311C79006E7D19 /* Extensions */ = {
			isa = PBXGroup;
			children = (
				977CF21629311FD8006E7D19 /* Extension + UIAlertController.swift */,
				977CF21829312013006E7D19 /* Extension + UITableViewCell.swift */,
			);
			path = Extensions;
			sourceTree = "<group>";
		};
		977CF20929311C86006E7D19 /* Models */ = {
			isa = PBXGroup;
			children = (
				977CF21029311F0E006E7D19 /* TaskList.swift */,
			);
			path = Models;
			sourceTree = "<group>";
		};
		977CF20A29311C8F006E7D19 /* Services */ = {
			isa = PBXGroup;
			children = (
				977CF21229311F26006E7D19 /* DataManager.swift */,
				977CF21429311F5D006E7D19 /* StorageManager.swift */,
			);
			path = Services;
			sourceTree = "<group>";
		};
		977CF20B29311CA1006E7D19 /* Storyboards */ = {
			isa = PBXGroup;
			children = (
				977CF1F4293119B3006E7D19 /* Main.storyboard */,
				977CF1F9293119B4006E7D19 /* LaunchScreen.storyboard */,
			);
			path = Storyboards;
			sourceTree = "<group>";
		};
		977CF20C29311CAD006E7D19 /* App */ = {
			isa = PBXGroup;
			children = (
				977CF1EE293119B3006E7D19 /* AppDelegate.swift */,
				977CF1F0293119B3006E7D19 /* SceneDelegate.swift */,
				977CF1FC293119B4006E7D19 /* Info.plist */,
			);
			path = App;
			sourceTree = "<group>";
		};
		977CF20D29311CB7006E7D19 /* Resurces */ = {
			isa = PBXGroup;
			children = (
				977CF1F7293119B4006E7D19 /* Assets.xcassets */,
			);
			path = Resurces;
			sourceTree = "<group>";
		};
/* End PBXGroup section */

/* Begin PBXNativeTarget section */
		977CF1EA293119B3006E7D19 /* TaskListRealm */ = {
			isa = PBXNativeTarget;
			buildConfigurationList = 977CF1FF293119B4006E7D19 /* Build configuration list for PBXNativeTarget "TaskListRealm" */;
			buildPhases = (
				977CF1E7293119B3006E7D19 /* Sources */,
				977CF1E8293119B3006E7D19 /* Frameworks */,
				977CF1E9293119B3006E7D19 /* Resources */,
			);
			buildRules = (
			);
			dependencies = (
			);
			name = TaskListRealm;
			packageProductDependencies = (
				977CF20329311A86006E7D19 /* Realm */,
				977CF20529311A86006E7D19 /* RealmSwift */,
			);
			productName = TaskListRealm;
			productReference = 977CF1EB293119B3006E7D19 /* TaskListRealm.app */;
			productType = "com.apple.product-type.application";
		};
/* End PBXNativeTarget section */

/* Begin PBXProject section */
		977CF1E3293119B3006E7D19 /* Project object */ = {
			isa = PBXProject;
			attributes = {
				BuildIndependentTargetsInParallel = 1;
				LastSwiftUpdateCheck = 1400;
				LastUpgradeCheck = 1400;
				TargetAttributes = {
					977CF1EA293119B3006E7D19 = {
						CreatedOnToolsVersion = 14.0.1;
					};
				};
			};
			buildConfigurationList = 977CF1E6293119B3006E7D19 /* Build configuration list for PBXProject "TaskListRealm" */;
			compatibilityVersion = "Xcode 14.0";
			developmentRegion = en;
			hasScannedForEncodings = 0;
			knownRegions = (
				en,
				Base,
			);
			mainGroup = 977CF1E2293119B3006E7D19;
			packageReferences = (
				977CF20229311A86006E7D19 /* XCRemoteSwiftPackageReference "realm-swift" */,
			);
			productRefGroup = 977CF1EC293119B3006E7D19 /* Products */;
			projectDirPath = "";
			projectRoot = "";
			targets = (
				977CF1EA293119B3006E7D19 /* TaskListRealm */,
			);
		};
/* End PBXProject section */

/* Begin PBXResourcesBuildPhase section */
		977CF1E9293119B3006E7D19 /* Resources */ = {
			isa = PBXResourcesBuildPhase;
			buildActionMask = 2147483647;
			files = (
				977CF1FB293119B4006E7D19 /* LaunchScreen.storyboard in Resources */,
				977CF1F8293119B4006E7D19 /* Assets.xcassets in Resources */,
				977CF1F6293119B3006E7D19 /* Main.storyboard in Resources */,
			);
			runOnlyForDeploymentPostprocessing = 0;
		};
/* End PBXResourcesBuildPhase section */

/* Begin PBXSourcesBuildPhase section */
		977CF1E7293119B3006E7D19 /* Sources */ = {
			isa = PBXSourcesBuildPhase;
			buildActionMask = 2147483647;
			files = (
				977CF21129311F0E006E7D19 /* TaskList.swift in Sources */,
				977CF1EF293119B3006E7D19 /* AppDelegate.swift in Sources */,
				977CF1F1293119B3006E7D19 /* SceneDelegate.swift in Sources */,
				977CF21529311F5D006E7D19 /* StorageManager.swift in Sources */,
				977CF20F29311E91006E7D19 /* TaskListViewController.swift in Sources */,
				977CF21729311FD8006E7D19 /* Extension + UIAlertController.swift in Sources */,
				977CF21329311F26006E7D19 /* DataManager.swift in Sources */,
				977CF21929312013006E7D19 /* Extension + UITableViewCell.swift in Sources */,
				977CF21B2931217B006E7D19 /* TasksViewController.swift in Sources */,
			);
			runOnlyForDeploymentPostprocessing = 0;
		};
/* End PBXSourcesBuildPhase section */

/* Begin PBXVariantGroup section */
		977CF1F4293119B3006E7D19 /* Main.storyboard */ = {
			isa = PBXVariantGroup;
			children = (
				977CF1F5293119B3006E7D19 /* Base */,
			);
			name = Main.storyboard;
			sourceTree = "<group>";
		};
		977CF1F9293119B4006E7D19 /* LaunchScreen.storyboard */ = {
			isa = PBXVariantGroup;
			children = (
				977CF1FA293119B4006E7D19 /* Base */,
			);
			name = LaunchScreen.storyboard;
			sourceTree = "<group>";
		};
/* End PBXVariantGroup section */

/* Begin XCBuildConfiguration section */
		977CF1FD293119B4006E7D19 /* Debug */ = {
			isa = XCBuildConfiguration;
			buildSettings = {
				ALWAYS_SEARCH_USER_PATHS = NO;
				CLANG_ANALYZER_NONNULL = YES;
				CLANG_ANALYZER_NUMBER_OBJECT_CONVERSION = YES_AGGRESSIVE;
				CLANG_CXX_LANGUAGE_STANDARD = "gnu++20";
				CLANG_ENABLE_MODULES = YES;
				CLANG_ENABLE_OBJC_ARC = YES;
				CLANG_ENABLE_OBJC_WEAK = YES;
				CLANG_WARN_BLOCK_CAPTURE_AUTORELEASING = YES;
				CLANG_WARN_BOOL_CONVERSION = YES;
				CLANG_WARN_COMMA = YES;
				CLANG_WARN_CONSTANT_CONVERSION = YES;
				CLANG_WARN_DEPRECATED_OBJC_IMPLEMENTATIONS = YES;
				CLANG_WARN_DIRECT_OBJC_ISA_USAGE = YES_ERROR;
				CLANG_WARN_DOCUMENTATION_COMMENTS = YES;
				CLANG_WARN_EMPTY_BODY = YES;
				CLANG_WARN_ENUM_CONVERSION = YES;
				CLANG_WARN_INFINITE_RECURSION = YES;
				CLANG_WARN_INT_CONVERSION = YES;
				CLANG_WARN_NON_LITERAL_NULL_CONVERSION = YES;
				CLANG_WARN_OBJC_IMPLICIT_RETAIN_SELF = YES;
				CLANG_WARN_OBJC_LITERAL_CONVERSION = YES;
				CLANG_WARN_OBJC_ROOT_CLASS = YES_ERROR;
				CLANG_WARN_QUOTED_INCLUDE_IN_FRAMEWORK_HEADER = YES;
				CLANG_WARN_RANGE_LOOP_ANALYSIS = YES;
				CLANG_WARN_STRICT_PROTOTYPES = YES;
				CLANG_WARN_SUSPICIOUS_MOVE = YES;
				CLANG_WARN_UNGUARDED_AVAILABILITY = YES_AGGRESSIVE;
				CLANG_WARN_UNREACHABLE_CODE = YES;
				CLANG_WARN__DUPLICATE_METHOD_MATCH = YES;
				COPY_PHASE_STRIP = NO;
				DEBUG_INFORMATION_FORMAT = dwarf;
				ENABLE_STRICT_OBJC_MSGSEND = YES;
				ENABLE_TESTABILITY = YES;
				GCC_C_LANGUAGE_STANDARD = gnu11;
				GCC_DYNAMIC_NO_PIC = NO;
				GCC_NO_COMMON_BLOCKS = YES;
				GCC_OPTIMIZATION_LEVEL = 0;
				GCC_PREPROCESSOR_DEFINITIONS = (
					"DEBUG=1",
					"$(inherited)",
				);
				GCC_WARN_64_TO_32_BIT_CONVERSION = YES;
				GCC_WARN_ABOUT_RETURN_TYPE = YES_ERROR;
				GCC_WARN_UNDECLARED_SELECTOR = YES;
				GCC_WARN_UNINITIALIZED_AUTOS = YES_AGGRESSIVE;
				GCC_WARN_UNUSED_FUNCTION = YES;
				GCC_WARN_UNUSED_VARIABLE = YES;
				IPHONEOS_DEPLOYMENT_TARGET = 16.0;
				MTL_ENABLE_DEBUG_INFO = INCLUDE_SOURCE;
				MTL_FAST_MATH = YES;
				ONLY_ACTIVE_ARCH = YES;
				SDKROOT = iphoneos;
				SWIFT_ACTIVE_COMPILATION_CONDITIONS = DEBUG;
				SWIFT_OPTIMIZATION_LEVEL = "-Onone";
			};
			name = Debug;
		};
		977CF1FE293119B4006E7D19 /* Release */ = {
			isa = XCBuildConfiguration;
			buildSettings = {
				ALWAYS_SEARCH_USER_PATHS = NO;
				CLANG_ANALYZER_NONNULL = YES;
				CLANG_ANALYZER_NUMBER_OBJECT_CONVERSION = YES_AGGRESSIVE;
				CLANG_CXX_LANGUAGE_STANDARD = "gnu++20";
				CLANG_ENABLE_MODULES = YES;
				CLANG_ENABLE_OBJC_ARC = YES;
				CLANG_ENABLE_OBJC_WEAK = YES;
				CLANG_WARN_BLOCK_CAPTURE_AUTORELEASING = YES;
				CLANG_WARN_BOOL_CONVERSION = YES;
				CLANG_WARN_COMMA = YES;
				CLANG_WARN_CONSTANT_CONVERSION = YES;
				CLANG_WARN_DEPRECATED_OBJC_IMPLEMENTATIONS = YES;
				CLANG_WARN_DIRECT_OBJC_ISA_USAGE = YES_ERROR;
				CLANG_WARN_DOCUMENTATION_COMMENTS = YES;
				CLANG_WARN_EMPTY_BODY = YES;
				CLANG_WARN_ENUM_CONVERSION = YES;
				CLANG_WARN_INFINITE_RECURSION = YES;
				CLANG_WARN_INT_CONVERSION = YES;
				CLANG_WARN_NON_LITERAL_NULL_CONVERSION = YES;
				CLANG_WARN_OBJC_IMPLICIT_RETAIN_SELF = YES;
				CLANG_WARN_OBJC_LITERAL_CONVERSION = YES;
				CLANG_WARN_OBJC_ROOT_CLASS = YES_ERROR;
				CLANG_WARN_QUOTED_INCLUDE_IN_FRAMEWORK_HEADER = YES;
				CLANG_WARN_RANGE_LOOP_ANALYSIS = YES;
				CLANG_WARN_STRICT_PROTOTYPES = YES;
				CLANG_WARN_SUSPICIOUS_MOVE = YES;
				CLANG_WARN_UNGUARDED_AVAILABILITY = YES_AGGRESSIVE;
				CLANG_WARN_UNREACHABLE_CODE = YES;
				CLANG_WARN__DUPLICATE_METHOD_MATCH = YES;
				COPY_PHASE_STRIP = NO;
				DEBUG_INFORMATION_FORMAT = "dwarf-with-dsym";
				ENABLE_NS_ASSERTIONS = NO;
				ENABLE_STRICT_OBJC_MSGSEND = YES;
				GCC_C_LANGUAGE_STANDARD = gnu11;
				GCC_NO_COMMON_BLOCKS = YES;
				GCC_WARN_64_TO_32_BIT_CONVERSION = YES;
				GCC_WARN_ABOUT_RETURN_TYPE = YES_ERROR;
				GCC_WARN_UNDECLARED_SELECTOR = YES;
				GCC_WARN_UNINITIALIZED_AUTOS = YES_AGGRESSIVE;
				GCC_WARN_UNUSED_FUNCTION = YES;
				GCC_WARN_UNUSED_VARIABLE = YES;
				IPHONEOS_DEPLOYMENT_TARGET = 16.0;
				MTL_ENABLE_DEBUG_INFO = NO;
				MTL_FAST_MATH = YES;
				SDKROOT = iphoneos;
				SWIFT_COMPILATION_MODE = wholemodule;
				SWIFT_OPTIMIZATION_LEVEL = "-O";
				VALIDATE_PRODUCT = YES;
			};
			name = Release;
		};
		977CF200293119B4006E7D19 /* Debug */ = {
			isa = XCBuildConfiguration;
			buildSettings = {
				ASSETCATALOG_COMPILER_APPICON_NAME = AppIcon;
				ASSETCATALOG_COMPILER_GLOBAL_ACCENT_COLOR_NAME = AccentColor;
				CODE_SIGN_STYLE = Automatic;
				CURRENT_PROJECT_VERSION = 1;
				DEVELOPMENT_TEAM = 275BX539P7;
				GENERATE_INFOPLIST_FILE = YES;
				INFOPLIST_FILE = TaskListRealm/App/Info.plist;
				INFOPLIST_KEY_UIApplicationSupportsIndirectInputEvents = YES;
				INFOPLIST_KEY_UILaunchStoryboardName = LaunchScreen;
				INFOPLIST_KEY_UIMainStoryboardFile = Main;
				INFOPLIST_KEY_UISupportedInterfaceOrientations_iPad = "UIInterfaceOrientationPortrait UIInterfaceOrientationPortraitUpsideDown UIInterfaceOrientationLandscapeLeft UIInterfaceOrientationLandscapeRight";
				INFOPLIST_KEY_UISupportedInterfaceOrientations_iPhone = "UIInterfaceOrientationPortrait UIInterfaceOrientationLandscapeLeft UIInterfaceOrientationLandscapeRight";
				LD_RUNPATH_SEARCH_PATHS = (
					"$(inherited)",
					"@executable_path/Frameworks",
				);
				MARKETING_VERSION = 1.0;
				PRODUCT_BUNDLE_IDENTIFIER = KovalevEvgenii.TaskListRealm;
				PRODUCT_NAME = "$(TARGET_NAME)";
				SUPPORTED_PLATFORMS = "iphoneos iphonesimulator";
				SUPPORTS_MACCATALYST = NO;
				SUPPORTS_MAC_DESIGNED_FOR_IPHONE_IPAD = NO;
				SWIFT_EMIT_LOC_STRINGS = YES;
				SWIFT_VERSION = 5.0;
				TARGETED_DEVICE_FAMILY = 1;
			};
			name = Debug;
		};
		977CF201293119B4006E7D19 /* Release */ = {
			isa = XCBuildConfiguration;
			buildSettings = {
				ASSETCATALOG_COMPILER_APPICON_NAME = AppIcon;
				ASSETCATALOG_COMPILER_GLOBAL_ACCENT_COLOR_NAME = AccentColor;
				CODE_SIGN_STYLE = Automatic;
				CURRENT_PROJECT_VERSION = 1;
				DEVELOPMENT_TEAM = 275BX539P7;
				GENERATE_INFOPLIST_FILE = YES;
				INFOPLIST_FILE = TaskListRealm/App/Info.plist;
				INFOPLIST_KEY_UIApplicationSupportsIndirectInputEvents = YES;
				INFOPLIST_KEY_UILaunchStoryboardName = LaunchScreen;
				INFOPLIST_KEY_UIMainStoryboardFile = Main;
				INFOPLIST_KEY_UISupportedInterfaceOrientations_iPad = "UIInterfaceOrientationPortrait UIInterfaceOrientationPortraitUpsideDown UIInterfaceOrientationLandscapeLeft UIInterfaceOrientationLandscapeRight";
				INFOPLIST_KEY_UISupportedInterfaceOrientations_iPhone = "UIInterfaceOrientationPortrait UIInterfaceOrientationLandscapeLeft UIInterfaceOrientationLandscapeRight";
				LD_RUNPATH_SEARCH_PATHS = (
					"$(inherited)",
					"@executable_path/Frameworks",
				);
				MARKETING_VERSION = 1.0;
				PRODUCT_BUNDLE_IDENTIFIER = KovalevEvgenii.TaskListRealm;
				PRODUCT_NAME = "$(TARGET_NAME)";
				SUPPORTED_PLATFORMS = "iphoneos iphonesimulator";
				SUPPORTS_MACCATALYST = NO;
				SUPPORTS_MAC_DESIGNED_FOR_IPHONE_IPAD = NO;
				SWIFT_EMIT_LOC_STRINGS = YES;
				SWIFT_VERSION = 5.0;
				TARGETED_DEVICE_FAMILY = 1;
			};
			name = Release;
		};
/* End XCBuildConfiguration section */

/* Begin XCConfigurationList section */
		977CF1E6293119B3006E7D19 /* Build configuration list for PBXProject "TaskListRealm" */ = {
			isa = XCConfigurationList;
			buildConfigurations = (
				977CF1FD293119B4006E7D19 /* Debug */,
				977CF1FE293119B4006E7D19 /* Release */,
			);
			defaultConfigurationIsVisible = 0;
			defaultConfigurationName = Release;
		};
		977CF1FF293119B4006E7D19 /* Build configuration list for PBXNativeTarget "TaskListRealm" */ = {
			isa = XCConfigurationList;
			buildConfigurations = (
				977CF200293119B4006E7D19 /* Debug */,
				977CF201293119B4006E7D19 /* Release */,
			);
			defaultConfigurationIsVisible = 0;
			defaultConfigurationName = Release;
		};
/* End XCConfigurationList section */

/* Begin XCRemoteSwiftPackageReference section */
		977CF20229311A86006E7D19 /* XCRemoteSwiftPackageReference "realm-swift" */ = {
			isa = XCRemoteSwiftPackageReference;
			repositoryURL = "https://github.com/realm/realm-swift.git";
			requirement = {
				branch = master;
				kind = branch;
			};
		};
/* End XCRemoteSwiftPackageReference section */

/* Begin XCSwiftPackageProductDependency section */
		977CF20329311A86006E7D19 /* Realm */ = {
			isa = XCSwiftPackageProductDependency;
			package = 977CF20229311A86006E7D19 /* XCRemoteSwiftPackageReference "realm-swift" */;
			productName = Realm;
		};
		977CF20529311A86006E7D19 /* RealmSwift */ = {
			isa = XCSwiftPackageProductDependency;
			package = 977CF20229311A86006E7D19 /* XCRemoteSwiftPackageReference "realm-swift" */;
			productName = RealmSwift;
		};
/* End XCSwiftPackageProductDependency section */
	};
	rootObject = 977CF1E3293119B3006E7D19 /* Project object */;
}
